// !$*UTF8*$!
{
	archiveVersion = 1;
	classes = {
	};
	objectVersion = 46;
	objects = {

/* Begin PBXBuildFile section */
		500E26DE1B4BA672002ED434 /* AppDelegate.swift in Sources */ = {isa = PBXBuildFile; fileRef = 500E26DD1B4BA672002ED434 /* AppDelegate.swift */; };
		500E26E01B4BA672002ED434 /* ViewController.swift in Sources */ = {isa = PBXBuildFile; fileRef = 500E26DF1B4BA672002ED434 /* ViewController.swift */; };
		500E26E31B4BA672002ED434 /* Main.storyboard in Resources */ = {isa = PBXBuildFile; fileRef = 500E26E11B4BA672002ED434 /* Main.storyboard */; };
		500E26E51B4BA672002ED434 /* Assets.xcassets in Resources */ = {isa = PBXBuildFile; fileRef = 500E26E41B4BA672002ED434 /* Assets.xcassets */; };
		500E26E81B4BA672002ED434 /* LaunchScreen.storyboard in Resources */ = {isa = PBXBuildFile; fileRef = 500E26E61B4BA672002ED434 /* LaunchScreen.storyboard */; };
		500E26F31B4BA673002ED434 /* PostcardTests.swift in Sources */ = {isa = PBXBuildFile; fileRef = 500E26F21B4BA673002ED434 /* PostcardTests.swift */; };
		500E26FE1B4BA673002ED434 /* PostcardUITests.swift in Sources */ = {isa = PBXBuildFile; fileRef = 500E26FD1B4BA673002ED434 /* PostcardUITests.swift */; };
		500E270C1B4E5BF0002ED434 /* SagradaFamilia.jpeg in Resources */ = {isa = PBXBuildFile; fileRef = 500E270B1B4E5BF0002ED434 /* SagradaFamilia.jpeg */; };
		500E270E1B4E5EC9002ED434 /* AlbertEinsteinStamp.jpg in Resources */ = {isa = PBXBuildFile; fileRef = 500E270D1B4E5EC9002ED434 /* AlbertEinsteinStamp.jpg */; };
/* End PBXBuildFile section */

/* Begin PBXContainerItemProxy section */
		500E26EF1B4BA673002ED434 /* PBXContainerItemProxy */ = {
			isa = PBXContainerItemProxy;
			containerPortal = 500E26D21B4BA672002ED434 /* Project object */;
			proxyType = 1;
			remoteGlobalIDString = 500E26D91B4BA672002ED434;
			remoteInfo = Postcard;
		};
		500E26FA1B4BA673002ED434 /* PBXContainerItemProxy */ = {
			isa = PBXContainerItemProxy;
			containerPortal = 500E26D21B4BA672002ED434 /* Project object */;
			proxyType = 1;
			remoteGlobalIDString = 500E26D91B4BA672002ED434;
			remoteInfo = Postcard;
		};
/* End PBXContainerItemProxy section */

/* Begin PBXFileReference section */
		500E26DA1B4BA672002ED434 /* Postcard.app */ = {isa = PBXFileReference; explicitFileType = wrapper.application; includeInIndex = 0; path = Postcard.app; sourceTree = BUILT_PRODUCTS_DIR; };
		500E26DD1B4BA672002ED434 /* AppDelegate.swift */ = {isa = PBXFileReference; lastKnownFileType = sourcecode.swift; path = AppDelegate.swift; sourceTree = "<group>"; };
		500E26DF1B4BA672002ED434 /* ViewController.swift */ = {isa = PBXFileReference; lastKnownFileType = sourcecode.swift; path = ViewController.swift; sourceTree = "<group>"; };
		500E26E21B4BA672002ED434 /* Base */ = {isa = PBXFileReference; lastKnownFileType = file.storyboard; name = Base; path = Base.lproj/Main.storyboard; sourceTree = "<group>"; };
		500E26E41B4BA672002ED434 /* Assets.xcassets */ = {isa = PBXFileReference; lastKnownFileType = folder.assetcatalog; path = Assets.xcassets; sourceTree = "<group>"; };
		500E26E71B4BA672002ED434 /* Base */ = {isa = PBXFileReference; lastKnownFileType = file.storyboard; name = Base; path = Base.lproj/LaunchScreen.storyboard; sourceTree = "<group>"; };
		500E26E91B4BA672002ED434 /* Info.plist */ = {isa = PBXFileReference; lastKnownFileType = text.plist.xml; path = Info.plist; sourceTree = "<group>"; };
		500E26EE1B4BA673002ED434 /* PostcardTests.xctest */ = {isa = PBXFileReference; explicitFileType = wrapper.cfbundle; includeInIndex = 0; path = PostcardTests.xctest; sourceTree = BUILT_PRODUCTS_DIR; };
		500E26F21B4BA673002ED434 /* PostcardTests.swift */ = {isa = PBXFileReference; lastKnownFileType = sourcecode.swift; path = PostcardTests.swift; sourceTree = "<group>"; };
		500E26F41B4BA673002ED434 /* Info.plist */ = {isa = PBXFileReference; lastKnownFileType = text.plist.xml; path = Info.plist; sourceTree = "<group>"; };
		500E26F91B4BA673002ED434 /* PostcardUITests.xctest */ = {isa = PBXFileReference; explicitFileType = wrapper.cfbundle; includeInIndex = 0; path = PostcardUITests.xctest; sourceTree = BUILT_PRODUCTS_DIR; };
		500E26FD1B4BA673002ED434 /* PostcardUITests.swift */ = {isa = PBXFileReference; lastKnownFileType = sourcecode.swift; path = PostcardUITests.swift; sourceTree = "<group>"; };
		500E26FF1B4BA673002ED434 /* Info.plist */ = {isa = PBXFileReference; lastKnownFileType = text.plist.xml; path = Info.plist; sourceTree = "<group>"; };
		500E270B1B4E5BF0002ED434 /* SagradaFamilia.jpeg */ = {isa = PBXFileReference; lastKnownFileType = image.jpeg; name = SagradaFamilia.jpeg; path = ../SagradaFamilia.jpeg; sourceTree = "<group>"; };
		500E270D1B4E5EC9002ED434 /* AlbertEinsteinStamp.jpg */ = {isa = PBXFileReference; lastKnownFileType = image.jpeg; path = AlbertEinsteinStamp.jpg; sourceTree = "<group>"; };
/* End PBXFileReference section */

/* Begin PBXFrameworksBuildPhase section */
		500E26D71B4BA672002ED434 /* Frameworks */ = {
			isa = PBXFrameworksBuildPhase;
			buildActionMask = 2147483647;
			files = (
			);
			runOnlyForDeploymentPostprocessing = 0;
		};
		500E26EB1B4BA673002ED434 /* Frameworks */ = {
			isa = PBXFrameworksBuildPhase;
			buildActionMask = 2147483647;
			files = (
			);
			runOnlyForDeploymentPostprocessing = 0;
		};
		500E26F61B4BA673002ED434 /* Frameworks */ = {
			isa = PBXFrameworksBuildPhase;
			buildActionMask = 2147483647;
			files = (
			);
			runOnlyForDeploymentPostprocessing = 0;
		};
/* End PBXFrameworksBuildPhase section */

/* Begin PBXGroup section */
		500E26D11B4BA672002ED434 = {
			isa = PBXGroup;
			children = (
				500E26DC1B4BA672002ED434 /* Postcard */,
				500E26F11B4BA673002ED434 /* PostcardTests */,
				500E26FC1B4BA673002ED434 /* PostcardUITests */,
				500E26DB1B4BA672002ED434 /* Products */,
			);
			sourceTree = "<group>";
		};
		500E26DB1B4BA672002ED434 /* Products */ = {
			isa = PBXGroup;
			children = (
				500E26DA1B4BA672002ED434 /* Postcard.app */,
				500E26EE1B4BA673002ED434 /* PostcardTests.xctest */,
				500E26F91B4BA673002ED434 /* PostcardUITests.xctest */,
			);
			name = Products;
			sourceTree = "<group>";
		};
		500E26DC1B4BA672002ED434 /* Postcard */ = {
			isa = PBXGroup;
			children = (
				500E26DD1B4BA672002ED434 /* AppDelegate.swift */,
				500E26DF1B4BA672002ED434 /* ViewController.swift */,
				500E26E11B4BA672002ED434 /* Main.storyboard */,
				500E26E41B4BA672002ED434 /* Assets.xcassets */,
				500E26E61B4BA672002ED434 /* LaunchScreen.storyboard */,
				500E26E91B4BA672002ED434 /* Info.plist */,
				500E270B1B4E5BF0002ED434 /* SagradaFamilia.jpeg */,
				500E270D1B4E5EC9002ED434 /* AlbertEinsteinStamp.jpg */,
			);
			path = Postcard;
			sourceTree = "<group>";
		};
		500E26F11B4BA673002ED434 /* PostcardTests */ = {
			isa = PBXGroup;
			children = (
				500E26F21B4BA673002ED434 /* PostcardTests.swift */,
				500E26F41B4BA673002ED434 /* Info.plist */,
			);
			path = PostcardTests;
			sourceTree = "<group>";
		};
		500E26FC1B4BA673002ED434 /* PostcardUITests */ = {
			isa = PBXGroup;
			children = (
				500E26FD1B4BA673002ED434 /* PostcardUITests.swift */,
				500E26FF1B4BA673002ED434 /* Info.plist */,
			);
			path = PostcardUITests;
			sourceTree = "<group>";
		};
/* End PBXGroup section */

/* Begin PBXNativeTarget section */
		500E26D91B4BA672002ED434 /* Postcard */ = {
			isa = PBXNativeTarget;
			buildConfigurationList = 500E27021B4BA673002ED434 /* Build configuration list for PBXNativeTarget "Postcard" */;
			buildPhases = (
				500E26D61B4BA672002ED434 /* Sources */,
				500E26D71B4BA672002ED434 /* Frameworks */,
				500E26D81B4BA672002ED434 /* Resources */,
			);
			buildRules = (
			);
			dependencies = (
			);
			name = Postcard;
			productName = Postcard;
			productReference = 500E26DA1B4BA672002ED434 /* Postcard.app */;
			productType = "com.apple.product-type.application";
		};
		500E26ED1B4BA673002ED434 /* PostcardTests */ = {
			isa = PBXNativeTarget;
			buildConfigurationList = 500E27051B4BA673002ED434 /* Build configuration list for PBXNativeTarget "PostcardTests" */;
			buildPhases = (
				500E26EA1B4BA673002ED434 /* Sources */,
				500E26EB1B4BA673002ED434 /* Frameworks */,
				500E26EC1B4BA673002ED434 /* Resources */,
			);
			buildRules = (
			);
			dependencies = (
				500E26F01B4BA673002ED434 /* PBXTargetDependency */,
			);
			name = PostcardTests;
			productName = PostcardTests;
			productReference = 500E26EE1B4BA673002ED434 /* PostcardTests.xctest */;
			productType = "com.apple.product-type.bundle.unit-test";
		};
		500E26F81B4BA673002ED434 /* PostcardUITests */ = {
			isa = PBXNativeTarget;
			buildConfigurationList = 500E27081B4BA673002ED434 /* Build configuration list for PBXNativeTarget "PostcardUITests" */;
			buildPhases = (
				500E26F51B4BA673002ED434 /* Sources */,
				500E26F61B4BA673002ED434 /* Frameworks */,
				500E26F71B4BA673002ED434 /* Resources */,
			);
			buildRules = (
			);
			dependencies = (
				500E26FB1B4BA673002ED434 /* PBXTargetDependency */,
			);
			name = PostcardUITests;
			productName = PostcardUITests;
			productReference = 500E26F91B4BA673002ED434 /* PostcardUITests.xctest */;
			productType = "com.apple.product-type.bundle.ui-testing";
		};
/* End PBXNativeTarget section */

/* Begin PBXProject section */
		500E26D21B4BA672002ED434 /* Project object */ = {
			isa = PBXProject;
			attributes = {
				LastUpgradeCheck = 0700;
				ORGANIZATIONNAME = Pascal;
				TargetAttributes = {
					500E26D91B4BA672002ED434 = {
						CreatedOnToolsVersion = 7.0;
					};
					500E26ED1B4BA673002ED434 = {
						CreatedOnToolsVersion = 7.0;
						TestTargetID = 500E26D91B4BA672002ED434;
					};
					500E26F81B4BA673002ED434 = {
						CreatedOnToolsVersion = 7.0;
						TestTargetID = 500E26D91B4BA672002ED434;
					};
				};
			};
			buildConfigurationList = 500E26D51B4BA672002ED434 /* Build configuration list for PBXProject "Postcard" */;
			compatibilityVersion = "Xcode 3.2";
			developmentRegion = English;
			hasScannedForEncodings = 0;
			knownRegions = (
				en,
				Base,
			);
			mainGroup = 500E26D11B4BA672002ED434;
			productRefGroup = 500E26DB1B4BA672002ED434 /* Products */;
			projectDirPath = "";
			projectRoot = "";
			targets = (
				500E26D91B4BA672002ED434 /* Postcard */,
				500E26ED1B4BA673002ED434 /* PostcardTests */,
				500E26F81B4BA673002ED434 /* PostcardUITests */,
			);
		};
/* End PBXProject section */

/* Begin PBXResourcesBuildPhase section */
		500E26D81B4BA672002ED434 /* Resources */ = {
			isa = PBXResourcesBuildPhase;
			buildActionMask = 2147483647;
			files = (
				500E26E81B4BA672002ED434 /* LaunchScreen.storyboard in Resources */,
				500E270C1B4E5BF0002ED434 /* SagradaFamilia.jpeg in Resources */,
				500E270E1B4E5EC9002ED434 /* AlbertEinsteinStamp.jpg in Resources */,
				500E26E51B4BA672002ED434 /* Assets.xcassets in Resources */,
				500E26E31B4BA672002ED434 /* Main.storyboard in Resources */,
			);
			runOnlyForDeploymentPostprocessing = 0;
		};
		500E26EC1B4BA673002ED434 /* Resources */ = {
			isa = PBXResourcesBuildPhase;
			buildActionMask = 2147483647;
			files = (
			);
			runOnlyForDeploymentPostprocessing = 0;
		};
		500E26F71B4BA673002ED434 /* Resources */ = {
			isa = PBXResourcesBuildPhase;
			buildActionMask = 2147483647;
			files = (
			);
			runOnlyForDeploymentPostprocessing = 0;
		};
/* End PBXResourcesBuildPhase section */

/* Begin PBXSourcesBuildPhase section */
		500E26D61B4BA672002ED434 /* Sources */ = {
			isa = PBXSourcesBuildPhase;
			buildActionMask = 2147483647;
			files = (
				500E26E01B4BA672002ED434 /* ViewController.swift in Sources */,
				500E26DE1B4BA672002ED434 /* AppDelegate.swift in Sources */,
			);
			runOnlyForDeploymentPostprocessing = 0;
		};
		500E26EA1B4BA673002ED434 /* Sources */ = {
			isa = PBXSourcesBuildPhase;
			buildActionMask = 2147483647;
			files = (
				500E26F31B4BA673002ED434 /* PostcardTests.swift in Sources */,
			);
			runOnlyForDeploymentPostprocessing = 0;
		};
		500E26F51B4BA673002ED434 /* Sources */ = {
			isa = PBXSourcesBuildPhase;
			buildActionMask = 2147483647;
			files = (
				500E26FE1B4BA673002ED434 /* PostcardUITests.swift in Sources */,
			);
			runOnlyForDeploymentPostprocessing = 0;
		};
/* End PBXSourcesBuildPhase section */

/* Begin PBXTargetDependency section */
		500E26F01B4BA673002ED434 /* PBXTargetDependency */ = {
			isa = PBXTargetDependency;
			target = 500E26D91B4BA672002ED434 /* Postcard */;
			targetProxy = 500E26EF1B4BA673002ED434 /* PBXContainerItemProxy */;
		};
		500E26FB1B4BA673002ED434 /* PBXTargetDependency */ = {
			isa = PBXTargetDependency;
			target = 500E26D91B4BA672002ED434 /* Postcard */;
			targetProxy = 500E26FA1B4BA673002ED434 /* PBXContainerItemProxy */;
		};
/* End PBXTargetDependency section */

/* Begin PBXVariantGroup section */
		500E26E11B4BA672002ED434 /* Main.storyboard */ = {
			isa = PBXVariantGroup;
			children = (
				500E26E21B4BA672002ED434 /* Base */,
			);
			name = Main.storyboard;
			sourceTree = "<group>";
		};
		500E26E61B4BA672002ED434 /* LaunchScreen.storyboard */ = {
			isa = PBXVariantGroup;
			children = (
				500E26E71B4BA672002ED434 /* Base */,
			);
			name = LaunchScreen.storyboard;
			sourceTree = "<group>";
		};
/* End PBXVariantGroup section */

/* Begin XCBuildConfiguration section */
		500E27001B4BA673002ED434 /* Debug */ = {
			isa = XCBuildConfiguration;
			buildSettings = {
				ALWAYS_SEARCH_USER_PATHS = NO;
				CLANG_CXX_LANGUAGE_STANDARD = "gnu++0x";
				CLANG_CXX_LIBRARY = "libc++";
				CLANG_ENABLE_MODULES = YES;
				CLANG_ENABLE_OBJC_ARC = YES;
				CLANG_WARN_BOOL_CONVERSION = YES;
				CLANG_WARN_CONSTANT_CONVERSION = YES;
				CLANG_WARN_DIRECT_OBJC_ISA_USAGE = YES_ERROR;
				CLANG_WARN_EMPTY_BODY = YES;
				CLANG_WARN_ENUM_CONVERSION = YES;
				CLANG_WARN_INT_CONVERSION = YES;
				CLANG_WARN_OBJC_ROOT_CLASS = YES_ERROR;
				CLANG_WARN_UNREACHABLE_CODE = YES;
				CLANG_WARN__DUPLICATE_METHOD_MATCH = YES;
				"CODE_SIGN_IDENTITY[sdk=iphoneos*]" = "iPhone Developer";
				COPY_PHASE_STRIP = NO;
				DEBUG_INFORMATION_FORMAT = dwarf;
				ENABLE_STRICT_OBJC_MSGSEND = YES;
				ENABLE_TESTABILITY = YES;
				GCC_C_LANGUAGE_STANDARD = gnu99;
				GCC_DYNAMIC_NO_PIC = NO;
				GCC_NO_COMMON_BLOCKS = YES;
				GCC_OPTIMIZATION_LEVEL = 0;
				GCC_PREPROCESSOR_DEFINITIONS = (
					"DEBUG=1",
					"$(inherited)",
				);
				GCC_WARN_64_TO_32_BIT_CONVERSION = YES;
				GCC_WARN_ABOUT_RETURN_TYPE = YES_ERROR;
				GCC_WARN_UNDECLARED_SELECTOR = YES;
				GCC_WARN_UNINITIALIZED_AUTOS = YES_AGGRESSIVE;
				GCC_WARN_UNUSED_FUNCTION = YES;
				GCC_WARN_UNUSED_VARIABLE = YES;
				IPHONEOS_DEPLOYMENT_TARGET = 9.0;
				MTL_ENABLE_DEBUG_INFO = YES;
				ONLY_ACTIVE_ARCH = YES;
				SDKROOT = iphoneos;
				SWIFT_OPTIMIZATION_LEVEL = "-Onone";
				TARGETED_DEVICE_FAMILY = "1,2";
			};
			name = Debug;
		};
		500E27011B4BA673002ED434 /* Release */ = {
			isa = XCBuildConfiguration;
			buildSettings = {
				ALWAYS_SEARCH_USER_PATHS = NO;
				CLANG_CXX_LANGUAGE_STANDARD = "gnu++0x";
				CLANG_CXX_LIBRARY = "libc++";
				CLANG_ENABLE_MODULES = YES;
				CLANG_ENABLE_OBJC_ARC = YES;
				CLANG_WARN_BOOL_CONVERSION = YES;
				CLANG_WARN_CONSTANT_CONVERSION = YES;
				CLANG_WARN_DIRECT_OBJC_ISA_USAGE = YES_ERROR;
				CLANG_WARN_EMPTY_BODY = YES;
				CLANG_WARN_ENUM_CONVERSION = YES;
				CLANG_WARN_INT_CONVERSION = YES;
				CLANG_WARN_OBJC_ROOT_CLASS = YES_ERROR;
				CLANG_WARN_UNREACHABLE_CODE = YES;
				CLANG_WARN__DUPLICATE_METHOD_MATCH = YES;
				"CODE_SIGN_IDENTITY[sdk=iphoneos*]" = "iPhone Developer";
				COPY_PHASE_STRIP = NO;
				DEBUG_INFORMATION_FORMAT = "dwarf-with-dsym";
				ENABLE_NS_ASSERTIONS = NO;
				ENABLE_STRICT_OBJC_MSGSEND = YES;
				GCC_C_LANGUAGE_STANDARD = gnu99;
				GCC_NO_COMMON_BLOCKS = YES;
				GCC_WARN_64_TO_32_BIT_CONVERSION = YES;
				GCC_WARN_ABOUT_RETURN_TYPE = YES_ERROR;
				GCC_WARN_UNDECLARED_SELECTOR = YES;
				GCC_WARN_UNINITIALIZED_AUTOS = YES_AGGRESSIVE;
				GCC_WARN_UNUSED_FUNCTION = YES;
				GCC_WARN_UNUSED_VARIABLE = YES;
				IPHONEOS_DEPLOYMENT_TARGET = 9.0;
				MTL_ENABLE_DEBUG_INFO = NO;
				SDKROOT = iphoneos;
				TARGETED_DEVICE_FAMILY = "1,2";
				VALIDATE_PRODUCT = YES;
			};
			name = Release;
		};
		500E27031B4BA673002ED434 /* Debug */ = {
			isa = XCBuildConfiguration;
			buildSettings = {
				ASSETCATALOG_COMPILER_APPICON_NAME = AppIcon;
				INFOPLIST_FILE = Postcard/Info.plist;
				LD_RUNPATH_SEARCH_PATHS = "$(inherited) @executable_path/Frameworks";
				PRODUCT_BUNDLE_IDENTIFIER = lu.woow.Postcard;
				PRODUCT_NAME = "$(TARGET_NAME)";
			};
			name = Debug;
		};
		500E27041B4BA673002ED434 /* Release */ = {
			isa = XCBuildConfiguration;
			buildSettings = {
				ASSETCATALOG_COMPILER_APPICON_NAME = AppIcon;
				INFOPLIST_FILE = Postcard/Info.plist;
				LD_RUNPATH_SEARCH_PATHS = "$(inherited) @executable_path/Frameworks";
				PRODUCT_BUNDLE_IDENTIFIER = lu.woow.Postcard;
				PRODUCT_NAME = "$(TARGET_NAME)";
			};
			name = Release;
		};
		500E27061B4BA673002ED434 /* Debug */ = {
			isa = XCBuildConfiguration;
			buildSettings = {
				BUNDLE_LOADER = "$(TEST_HOST)";
				INFOPLIST_FILE = PostcardTests/Info.plist;
				LD_RUNPATH_SEARCH_PATHS = "$(inherited) @executable_path/Frameworks @loader_path/Frameworks";
				PRODUCT_BUNDLE_IDENTIFIER = lu.woow.PostcardTests;
				PRODUCT_NAME = "$(TARGET_NAME)";
				TEST_HOST = "$(BUILT_PRODUCTS_DIR)/Postcard.app/Postcard";
			};
			name = Debug;
		};
		500E27071B4BA673002ED434 /* Release */ = {
			isa = XCBuildConfiguration;
			buildSettings = {
				BUNDLE_LOADER = "$(TEST_HOST)";
				INFOPLIST_FILE = PostcardTests/Info.plist;
				LD_RUNPATH_SEARCH_PATHS = "$(inherited) @executable_path/Frameworks @loader_path/Frameworks";
				PRODUCT_BUNDLE_IDENTIFIER = lu.woow.PostcardTests;
				PRODUCT_NAME = "$(TARGET_NAME)";
				TEST_HOST = "$(BUILT_PRODUCTS_DIR)/Postcard.app/Postcard";
			};
			name = Release;
		};
		500E27091B4BA673002ED434 /* Debug */ = {
			isa = XCBuildConfiguration;
			buildSettings = {
				INFOPLIST_FILE = PostcardUITests/Info.plist;
				LD_RUNPATH_SEARCH_PATHS = "$(inherited) @executable_path/Frameworks @loader_path/Frameworks";
				PRODUCT_BUNDLE_IDENTIFIER = lu.woow.PostcardUITests;
				PRODUCT_NAME = "$(TARGET_NAME)";
				TEST_TARGET_NAME = Postcard;
				USES_XCTRUNNER = YES;
			};
			name = Debug;
		};
		500E270A1B4BA673002ED434 /* Release */ = {
			isa = XCBuildConfiguration;
			buildSettings = {
				INFOPLIST_FILE = PostcardUITests/Info.plist;
				LD_RUNPATH_SEARCH_PATHS = "$(inherited) @executable_path/Frameworks @loader_path/Frameworks";
				PRODUCT_BUNDLE_IDENTIFIER = lu.woow.PostcardUITests;
				PRODUCT_NAME = "$(TARGET_NAME)";
				TEST_TARGET_NAME = Postcard;
				USES_XCTRUNNER = YES;
			};
			name = Release;
		};
/* End XCBuildConfiguration section */

/* Begin XCConfigurationList section */
		500E26D51B4BA672002ED434 /* Build configuration list for PBXProject "Postcard" */ = {
			isa = XCConfigurationList;
			buildConfigurations = (
				500E27001B4BA673002ED434 /* Debug */,
				500E27011B4BA673002ED434 /* Release */,
			);
			defaultConfigurationIsVisible = 0;
			defaultConfigurationName = Release;
		};
		500E27021B4BA673002ED434 /* Build configuration list for PBXNativeTarget "Postcard" */ = {
			isa = XCConfigurationList;
			buildConfigurations = (
				500E27031B4BA673002ED434 /* Debug */,
				500E27041B4BA673002ED434 /* Release */,
			);
			defaultConfigurationIsVisible = 0;
		};
		500E27051B4BA673002ED434 /* Build configuration list for PBXNativeTarget "PostcardTests" */ = {
			isa = XCConfigurationList;
			buildConfigurations = (
				500E27061B4BA673002ED434 /* Debug */,
				500E27071B4BA673002ED434 /* Release */,
			);
			defaultConfigurationIsVisible = 0;
		};
		500E27081B4BA673002ED434 /* Build configuration list for PBXNativeTarget "PostcardUITests" */ = {
			isa = XCConfigurationList;
			buildConfigurations = (
				500E27091B4BA673002ED434 /* Debug */,
				500E270A1B4BA673002ED434 /* Release */,
			);
			defaultConfigurationIsVisible = 0;
		};
/* End XCConfigurationList section */
	};
	rootObject = 500E26D21B4BA672002ED434 /* Project object */;
}
